
Microsoft Visual Studio Solution File, Format Version 12.00
# Visual Studio Version 16
VisualStudioVersion = 16.0.30804.86
MinimumVisualStudioVersion = 10.0.40219.1
Project("{9A19103F-16F7-4668-BE54-9A1E7A4F7556}") = "StaffManagement", "StaffManagement.csproj", "{989708E9-75CD-4984-A1C1-359A4254D352}"
EndProject
Project("{FAE04EC0-301F-11D3-BF4B-00C04F79EFBC}") = "StaffManagement.DataAccess", "StaffManagement.DataAccess\StaffManagement.DataAccess.csproj", "{138D9D2F-E64D-486B-B53E-E1B74D0972AD}"
EndProject
Global
	GlobalSection(SolutionConfigurationPlatforms) = preSolution
		Debug|Any CPU = Debug|Any CPU
		Release|Any CPU = Release|Any CPU
	EndGlobalSection
	GlobalSection(ProjectConfigurationPlatforms) = postSolution
		{989708E9-75CD-4984-A1C1-359A4254D352}.Debug|Any CPU.ActiveCfg = Debug|Any CPU
		{989708E9-75CD-4984-A1C1-359A4254D352}.Debug|Any CPU.Build.0 = Debug|Any CPU
		{989708E9-75CD-4984-A1C1-359A4254D352}.Release|Any CPU.ActiveCfg = Release|Any CPU
		{989708E9-75CD-4984-A1C1-359A4254D352}.Release|Any CPU.Build.0 = Release|Any CPU
		{138D9D2F-E64D-486B-B53E-E1B74D0972AD}.Debug|Any CPU.ActiveCfg = Debug|Any CPU
		{138D9D2F-E64D-486B-B53E-E1B74D0972AD}.Debug|Any CPU.Build.0 = Debug|Any CPU
		{138D9D2F-E64D-486B-B53E-E1B74D0972AD}.Release|Any CPU.ActiveCfg = Release|Any CPU
		{138D9D2F-E64D-486B-B53E-E1B74D0972AD}.Release|Any CPU.Build.0 = Release|Any CPU
	EndGlobalSection
	GlobalSection(SolutionProperties) = preSolution
		HideSolutionNode = FALSE
	EndGlobalSection
	GlobalSection(ExtensibilityGlobals) = postSolution
		SolutionGuid = {4AAEC007-BAAF-4009-9CE3-4F69D1834F81}
	EndGlobalSection
EndGlobal
